
Microsoft Visual Studio Solution File, Format Version 12.00
# Visual Studio Version 17
VisualStudioVersion = 17.7.34202.233
MinimumVisualStudioVersion = 10.0.40219.1
Project("{FAE04EC0-301F-11D3-BF4B-00C04F79EFBC}") = "CSharpTrainingCamp301.EntityLayer", "CSharpTrainingCamp301.EntityLayer\CSharpTrainingCamp301.EntityLayer.csproj", "{9499236D-A0D4-457C-B617-458C83D74B09}"
EndProject
Project("{FAE04EC0-301F-11D3-BF4B-00C04F79EFBC}") = "CSharpTrainingCamp301.DataAccessLayer", "CSharpTrainingCamp301.DataAccessLayer\CSharpTrainingCamp301.DataAccessLayer.csproj", "{37A63607-294B-4998-A696-35D4DED35F98}"
EndProject
Project("{FAE04EC0-301F-11D3-BF4B-00C04F79EFBC}") = "CSharpTrainingCamp301.BusinessLayer", "CSharpTrainingCamp301.BusinessLayer\CSharpTrainingCamp301.BusinessLayer.csproj", "{DDA06627-F312-4399-90B4-977C36D4338A}"
EndProject
Project("{FAE04EC0-301F-11D3-BF4B-00C04F79EFBC}") = "CSharpTrainingCamp301.PresentationLayer", "CSharpTrainingCamp301.PresentationLayer\CSharpTrainingCamp301.PresentationLayer.csproj", "{2A6F75D4-BD8E-49EB-9745-63D5AF748E2B}"
EndProject
Project("{FAE04EC0-301F-11D3-BF4B-00C04F79EFBC}") = "CSharpTrainingCamp301.EFProject", "CSharpTrainingCamp301.EFProject\CSharpTrainingCamp301.EFProject.csproj", "{280B3D5E-C1D4-4BDD-9CB1-B7A4D27A8323}"
EndProject
Global
	GlobalSection(SolutionConfigurationPlatforms) = preSolution
		Debug|Any CPU = Debug|Any CPU
		Release|Any CPU = Release|Any CPU
	EndGlobalSection
	GlobalSection(ProjectConfigurationPlatforms) = postSolution
		{9499236D-A0D4-457C-B617-458C83D74B09}.Debug|Any CPU.ActiveCfg = Debug|Any CPU
		{9499236D-A0D4-457C-B617-458C83D74B09}.Debug|Any CPU.Build.0 = Debug|Any CPU
		{9499236D-A0D4-457C-B617-458C83D74B09}.Release|Any CPU.ActiveCfg = Release|Any CPU
		{9499236D-A0D4-457C-B617-458C83D74B09}.Release|Any CPU.Build.0 = Release|Any CPU
		{37A63607-294B-4998-A696-35D4DED35F98}.Debug|Any CPU.ActiveCfg = Debug|Any CPU
		{37A63607-294B-4998-A696-35D4DED35F98}.Debug|Any CPU.Build.0 = Debug|Any CPU
		{37A63607-294B-4998-A696-35D4DED35F98}.Release|Any CPU.ActiveCfg = Release|Any CPU
		{37A63607-294B-4998-A696-35D4DED35F98}.Release|Any CPU.Build.0 = Release|Any CPU
		{DDA06627-F312-4399-90B4-977C36D4338A}.Debug|Any CPU.ActiveCfg = Debug|Any CPU
		{DDA06627-F312-4399-90B4-977C36D4338A}.Debug|Any CPU.Build.0 = Debug|Any CPU
		{DDA06627-F312-4399-90B4-977C36D4338A}.Release|Any CPU.ActiveCfg = Release|Any CPU
		{DDA06627-F312-4399-90B4-977C36D4338A}.Release|Any CPU.Build.0 = Release|Any CPU
		{2A6F75D4-BD8E-49EB-9745-63D5AF748E2B}.Debug|Any CPU.ActiveCfg = Debug|Any CPU
		{2A6F75D4-BD8E-49EB-9745-63D5AF748E2B}.Debug|Any CPU.Build.0 = Debug|Any CPU
		{2A6F75D4-BD8E-49EB-9745-63D5AF748E2B}.Release|Any CPU.ActiveCfg = Release|Any CPU
		{2A6F75D4-BD8E-49EB-9745-63D5AF748E2B}.Release|Any CPU.Build.0 = Release|Any CPU
		{280B3D5E-C1D4-4BDD-9CB1-B7A4D27A8323}.Debug|Any CPU.ActiveCfg = Debug|Any CPU
		{280B3D5E-C1D4-4BDD-9CB1-B7A4D27A8323}.Debug|Any CPU.Build.0 = Debug|Any CPU
		{280B3D5E-C1D4-4BDD-9CB1-B7A4D27A8323}.Release|Any CPU.ActiveCfg = Release|Any CPU
		{280B3D5E-C1D4-4BDD-9CB1-B7A4D27A8323}.Release|Any CPU.Build.0 = Release|Any CPU
	EndGlobalSection
	GlobalSection(SolutionProperties) = preSolution
		HideSolutionNode = FALSE
	EndGlobalSection
	GlobalSection(ExtensibilityGlobals) = postSolution
		SolutionGuid = {7BFD3B5D-48AB-4CD1-9C11-8B57CD599C71}
	EndGlobalSection
EndGlobal
